
Microsoft Visual Studio Solution File, Format Version 12.00
# Visual Studio Version 16
VisualStudioVersion = 16.0.29009.5
MinimumVisualStudioVersion = 10.0.40219.1
Project("{FAE04EC0-301F-11D3-BF4B-00C04F79EFBC}") = "Kriptografi", "Kriptografi.csproj", "{4475EC1F-E05E-4594-9863-D00C92A442CC}"
EndProject
Global
	GlobalSection(SolutionConfigurationPlatforms) = preSolution
		Debug|Any CPU = Debug|Any CPU
		Release|Any CPU = Release|Any CPU
	EndGlobalSection
	GlobalSection(ProjectConfigurationPlatforms) = postSolution
		{4475EC1F-E05E-4594-9863-D00C92A442CC}.Debug|Any CPU.ActiveCfg = Debug|Any CPU
		{4475EC1F-E05E-4594-9863-D00C92A442CC}.Debug|Any CPU.Build.0 = Debug|Any CPU
		{4475EC1F-E05E-4594-9863-D00C92A442CC}.Release|Any CPU.ActiveCfg = Release|Any CPU
		{4475EC1F-E05E-4594-9863-D00C92A442CC}.Release|Any CPU.Build.0 = Release|Any CPU
	EndGlobalSection
	GlobalSection(SolutionProperties) = preSolution
		HideSolutionNode = FALSE
	EndGlobalSection
	GlobalSection(ExtensibilityGlobals) = postSolution
		SolutionGuid = {F8366974-670E-4105-A560-E19AF28B72D9}
	EndGlobalSection
EndGlobal
